// !$*UTF8*$!
{
	archiveVersion = 1;
	classes = {
	};
	objectVersion = 50;
	objects = {

/* Begin PBXBuildFile section */
		B8393A7922A17607001ED067 /* ZIMGLoader.framework in Frameworks */ = {isa = PBXBuildFile; fileRef = B8393A6F22A17607001ED067 /* ZIMGLoader.framework */; };
		B8393A8022A17607001ED067 /* ZIMGLoader.h in Headers */ = {isa = PBXBuildFile; fileRef = B8393A7222A17607001ED067 /* ZIMGLoader.h */; settings = {ATTRIBUTES = (Public, ); }; };
		B8393A9422A17C9F001ED067 /* AppDelegate.swift in Sources */ = {isa = PBXBuildFile; fileRef = B8393A9322A17C9F001ED067 /* AppDelegate.swift */; };
		B8393A9E22A17CA1001ED067 /* LaunchScreen.storyboard in Resources */ = {isa = PBXBuildFile; fileRef = B8393A9C22A17CA1001ED067 /* LaunchScreen.storyboard */; };
		B8393AAD22A17EA9001ED067 /* AppDelegate.swift in Sources */ = {isa = PBXBuildFile; fileRef = B8393AAC22A17EA9001ED067 /* AppDelegate.swift */; };
		B8393AAF22A17EA9001ED067 /* MainViewController.swift in Sources */ = {isa = PBXBuildFile; fileRef = B8393AAE22A17EA9001ED067 /* MainViewController.swift */; };
		B8393AB422A17EAA001ED067 /* Assets.xcassets in Resources */ = {isa = PBXBuildFile; fileRef = B8393AB322A17EAA001ED067 /* Assets.xcassets */; };
		B8393AB722A17EAA001ED067 /* LaunchScreen.storyboard in Resources */ = {isa = PBXBuildFile; fileRef = B8393AB522A17EAA001ED067 /* LaunchScreen.storyboard */; };
		B8ABBD3622A41327004CB1A7 /* URLSessionStandard.swift in Sources */ = {isa = PBXBuildFile; fileRef = B8ABBD3522A41327004CB1A7 /* URLSessionStandard.swift */; };
		B8ABBD3B22A413D5004CB1A7 /* HttpRequestSpec.swift in Sources */ = {isa = PBXBuildFile; fileRef = B8ABBD3A22A413D5004CB1A7 /* HttpRequestSpec.swift */; };
		B8ABBD3E22A414F7004CB1A7 /* CommonError.swift in Sources */ = {isa = PBXBuildFile; fileRef = B8ABBD3D22A414F7004CB1A7 /* CommonError.swift */; };
		B8ABBD4122A42732004CB1A7 /* ErrorFactory.swift in Sources */ = {isa = PBXBuildFile; fileRef = B8ABBD4022A42732004CB1A7 /* ErrorFactory.swift */; };
		B8ABBD4222A4278F004CB1A7 /* ErrorFactory.swift in Sources */ = {isa = PBXBuildFile; fileRef = B8ABBD4022A42732004CB1A7 /* ErrorFactory.swift */; };
		B8ABBD4322A427A5004CB1A7 /* CommonError.swift in Sources */ = {isa = PBXBuildFile; fileRef = B8ABBD3D22A414F7004CB1A7 /* CommonError.swift */; };
		B8ABBD4522A427F6004CB1A7 /* HttpHandler.swift in Sources */ = {isa = PBXBuildFile; fileRef = B8ABBD4422A427F6004CB1A7 /* HttpHandler.swift */; };
		B8ABBD4622A427F6004CB1A7 /* HttpHandler.swift in Sources */ = {isa = PBXBuildFile; fileRef = B8ABBD4422A427F6004CB1A7 /* HttpHandler.swift */; };
		B8ABBD4722A4281B004CB1A7 /* HttpRequestSpec.swift in Sources */ = {isa = PBXBuildFile; fileRef = B8ABBD3A22A413D5004CB1A7 /* HttpRequestSpec.swift */; };
		B8ABBD4822A42891004CB1A7 /* URLSessionStandard.swift in Sources */ = {isa = PBXBuildFile; fileRef = B8ABBD3522A41327004CB1A7 /* URLSessionStandard.swift */; };
		B8ABBD4922A431C9004CB1A7 /* HttpHandler.swift in Sources */ = {isa = PBXBuildFile; fileRef = B8ABBD4422A427F6004CB1A7 /* HttpHandler.swift */; };
		B8ABBD4A22A431D4004CB1A7 /* URLSessionStandard.swift in Sources */ = {isa = PBXBuildFile; fileRef = B8ABBD3522A41327004CB1A7 /* URLSessionStandard.swift */; };
		B8ABBD4B22A431D9004CB1A7 /* HttpRequestSpec.swift in Sources */ = {isa = PBXBuildFile; fileRef = B8ABBD3A22A413D5004CB1A7 /* HttpRequestSpec.swift */; };
		B8ABBD4C22A431DC004CB1A7 /* CommonError.swift in Sources */ = {isa = PBXBuildFile; fileRef = B8ABBD3D22A414F7004CB1A7 /* CommonError.swift */; };
		B8ABBD4D22A431E1004CB1A7 /* ErrorFactory.swift in Sources */ = {isa = PBXBuildFile; fileRef = B8ABBD4022A42732004CB1A7 /* ErrorFactory.swift */; };
		B8ABBD5022A43216004CB1A7 /* HttpHandlerTests.swift in Sources */ = {isa = PBXBuildFile; fileRef = B8ABBD4F22A43216004CB1A7 /* HttpHandlerTests.swift */; };
		B8ABBD5422A43281004CB1A7 /* StubURLSession.swift in Sources */ = {isa = PBXBuildFile; fileRef = B8ABBD5322A43281004CB1A7 /* StubURLSession.swift */; };
		B8ABBD5622A43293004CB1A7 /* StubSessionDataTask.swift in Sources */ = {isa = PBXBuildFile; fileRef = B8ABBD5522A43293004CB1A7 /* StubSessionDataTask.swift */; };
		B8ABBD5A22A43373004CB1A7 /* FakeJsonData.swift in Sources */ = {isa = PBXBuildFile; fileRef = B8ABBD5922A43373004CB1A7 /* FakeJsonData.swift */; };
		B8ABBD5C22A433A2004CB1A7 /* MockHttpResponse.swift in Sources */ = {isa = PBXBuildFile; fileRef = B8ABBD5B22A433A2004CB1A7 /* MockHttpResponse.swift */; };
		B8ABBD5F22A435EF004CB1A7 /* HttpHandler+Extension.swift in Sources */ = {isa = PBXBuildFile; fileRef = B8ABBD5E22A435EF004CB1A7 /* HttpHandler+Extension.swift */; };
		B8ABBD6022A435FE004CB1A7 /* HttpHandler+Extension.swift in Sources */ = {isa = PBXBuildFile; fileRef = B8ABBD5E22A435EF004CB1A7 /* HttpHandler+Extension.swift */; };
		B8ABBD6122A435FF004CB1A7 /* HttpHandler+Extension.swift in Sources */ = {isa = PBXBuildFile; fileRef = B8ABBD5E22A435EF004CB1A7 /* HttpHandler+Extension.swift */; };
		B8ABBD6722A446BD004CB1A7 /* ImageRequestOption.swift in Sources */ = {isa = PBXBuildFile; fileRef = B8ABBD6622A446BD004CB1A7 /* ImageRequestOption.swift */; };
		B8ABBD6922A456A9004CB1A7 /* ImageCacheHandler.swift in Sources */ = {isa = PBXBuildFile; fileRef = B8ABBD6822A456A9004CB1A7 /* ImageCacheHandler.swift */; };
		B8ABBD6A22A456A9004CB1A7 /* ImageCacheHandler.swift in Sources */ = {isa = PBXBuildFile; fileRef = B8ABBD6822A456A9004CB1A7 /* ImageCacheHandler.swift */; };
		B8ABBD6B22A456A9004CB1A7 /* ImageCacheHandler.swift in Sources */ = {isa = PBXBuildFile; fileRef = B8ABBD6822A456A9004CB1A7 /* ImageCacheHandler.swift */; };
		B8ABBD6C22A4592C004CB1A7 /* ImageRequestOption.swift in Sources */ = {isa = PBXBuildFile; fileRef = B8ABBD6622A446BD004CB1A7 /* ImageRequestOption.swift */; };
		B8ABBD6D22A4592D004CB1A7 /* ImageRequestOption.swift in Sources */ = {isa = PBXBuildFile; fileRef = B8ABBD6622A446BD004CB1A7 /* ImageRequestOption.swift */; };
		B8D6F61522A51EC700FF6FF6 /* ImageLoader.swift in Sources */ = {isa = PBXBuildFile; fileRef = B8D6F61422A51EC700FF6FF6 /* ImageLoader.swift */; };
		B8D6F61622A51EC700FF6FF6 /* ImageLoader.swift in Sources */ = {isa = PBXBuildFile; fileRef = B8D6F61422A51EC700FF6FF6 /* ImageLoader.swift */; };
		B8D6F61722A51EC700FF6FF6 /* ImageLoader.swift in Sources */ = {isa = PBXBuildFile; fileRef = B8D6F61422A51EC700FF6FF6 /* ImageLoader.swift */; };
		B8D6F61A22A526ED00FF6FF6 /* UIImageView+ImageLoader.swift in Sources */ = {isa = PBXBuildFile; fileRef = B8D6F61922A526ED00FF6FF6 /* UIImageView+ImageLoader.swift */; };
		B8D6F61B22A526ED00FF6FF6 /* UIImageView+ImageLoader.swift in Sources */ = {isa = PBXBuildFile; fileRef = B8D6F61922A526ED00FF6FF6 /* UIImageView+ImageLoader.swift */; };
		B8D6F61C22A526ED00FF6FF6 /* UIImageView+ImageLoader.swift in Sources */ = {isa = PBXBuildFile; fileRef = B8D6F61922A526ED00FF6FF6 /* UIImageView+ImageLoader.swift */; };
		B8D6F61F22A557A800FF6FF6 /* ImageLoaderTests.swift in Sources */ = {isa = PBXBuildFile; fileRef = B8D6F61E22A557A800FF6FF6 /* ImageLoaderTests.swift */; };
		B8D6F62122A559C800FF6FF6 /* ImageCacheHandlerTests.swift in Sources */ = {isa = PBXBuildFile; fileRef = B8D6F62022A559C800FF6FF6 /* ImageCacheHandlerTests.swift */; };
		B8D6F62422A55E6D00FF6FF6 /* UIImageViewImageLoaderTests.swift in Sources */ = {isa = PBXBuildFile; fileRef = B8D6F62322A55E6D00FF6FF6 /* UIImageViewImageLoaderTests.swift */; };
		B8D6F62B22A579F600FF6FF6 /* SimpleExampleViewController.swift in Sources */ = {isa = PBXBuildFile; fileRef = B8D6F62922A579ED00FF6FF6 /* SimpleExampleViewController.swift */; };
		B8D6F62E22A5832900FF6FF6 /* AdvancedExampleViewController.swift in Sources */ = {isa = PBXBuildFile; fileRef = B8D6F62C22A582AE00FF6FF6 /* AdvancedExampleViewController.swift */; };
/* End PBXBuildFile section */

/* Begin PBXContainerItemProxy section */
		B8393A7A22A17607001ED067 /* PBXContainerItemProxy */ = {
			isa = PBXContainerItemProxy;
			containerPortal = B8393A6622A17607001ED067 /* Project object */;
			proxyType = 1;
			remoteGlobalIDString = B8393A6E22A17607001ED067;
			remoteInfo = ZIMGLoader;
		};
		B8393AA322A17CF0001ED067 /* PBXContainerItemProxy */ = {
			isa = PBXContainerItemProxy;
			containerPortal = B8393A6622A17607001ED067 /* Project object */;
			proxyType = 1;
			remoteGlobalIDString = B8393A9022A17C9F001ED067;
			remoteInfo = TestHost;
		};
/* End PBXContainerItemProxy section */

/* Begin PBXFileReference section */
		B8393A6F22A17607001ED067 /* ZIMGLoader.framework */ = {isa = PBXFileReference; explicitFileType = wrapper.framework; includeInIndex = 0; path = ZIMGLoader.framework; sourceTree = BUILT_PRODUCTS_DIR; };
		B8393A7222A17607001ED067 /* ZIMGLoader.h */ = {isa = PBXFileReference; lastKnownFileType = sourcecode.c.h; path = ZIMGLoader.h; sourceTree = "<group>"; };
		B8393A7322A17607001ED067 /* Info.plist */ = {isa = PBXFileReference; lastKnownFileType = text.plist.xml; path = Info.plist; sourceTree = "<group>"; };
		B8393A7822A17607001ED067 /* ZIMGLoaderTests.xctest */ = {isa = PBXFileReference; explicitFileType = wrapper.cfbundle; includeInIndex = 0; path = ZIMGLoaderTests.xctest; sourceTree = BUILT_PRODUCTS_DIR; };
		B8393A7F22A17607001ED067 /* Info.plist */ = {isa = PBXFileReference; lastKnownFileType = text.plist.xml; path = Info.plist; sourceTree = "<group>"; };
		B8393A9122A17C9F001ED067 /* ZIMGLoaderTestHost.app */ = {isa = PBXFileReference; explicitFileType = wrapper.application; includeInIndex = 0; path = ZIMGLoaderTestHost.app; sourceTree = BUILT_PRODUCTS_DIR; };
		B8393A9322A17C9F001ED067 /* AppDelegate.swift */ = {isa = PBXFileReference; lastKnownFileType = sourcecode.swift; path = AppDelegate.swift; sourceTree = "<group>"; };
		B8393A9D22A17CA1001ED067 /* Base */ = {isa = PBXFileReference; lastKnownFileType = file.storyboard; name = Base; path = Base.lproj/LaunchScreen.storyboard; sourceTree = "<group>"; };
		B8393A9F22A17CA1001ED067 /* Info.plist */ = {isa = PBXFileReference; lastKnownFileType = text.plist.xml; path = Info.plist; sourceTree = "<group>"; };
		B8393AAA22A17EA9001ED067 /* ZIMGLoaderSampleApp.app */ = {isa = PBXFileReference; explicitFileType = wrapper.application; includeInIndex = 0; path = ZIMGLoaderSampleApp.app; sourceTree = BUILT_PRODUCTS_DIR; };
		B8393AAC22A17EA9001ED067 /* AppDelegate.swift */ = {isa = PBXFileReference; lastKnownFileType = sourcecode.swift; path = AppDelegate.swift; sourceTree = "<group>"; };
		B8393AAE22A17EA9001ED067 /* MainViewController.swift */ = {isa = PBXFileReference; lastKnownFileType = sourcecode.swift; path = MainViewController.swift; sourceTree = "<group>"; };
		B8393AB322A17EAA001ED067 /* Assets.xcassets */ = {isa = PBXFileReference; lastKnownFileType = folder.assetcatalog; path = Assets.xcassets; sourceTree = "<group>"; };
		B8393AB622A17EAA001ED067 /* Base */ = {isa = PBXFileReference; lastKnownFileType = file.storyboard; name = Base; path = Base.lproj/LaunchScreen.storyboard; sourceTree = "<group>"; };
		B8393AB822A17EAA001ED067 /* Info.plist */ = {isa = PBXFileReference; lastKnownFileType = text.plist.xml; path = Info.plist; sourceTree = "<group>"; };
		B8ABBD3522A41327004CB1A7 /* URLSessionStandard.swift */ = {isa = PBXFileReference; lastKnownFileType = sourcecode.swift; path = URLSessionStandard.swift; sourceTree = "<group>"; };
		B8ABBD3A22A413D5004CB1A7 /* HttpRequestSpec.swift */ = {isa = PBXFileReference; lastKnownFileType = sourcecode.swift; path = HttpRequestSpec.swift; sourceTree = "<group>"; };
		B8ABBD3D22A414F7004CB1A7 /* CommonError.swift */ = {isa = PBXFileReference; lastKnownFileType = sourcecode.swift; path = CommonError.swift; sourceTree = "<group>"; };
		B8ABBD4022A42732004CB1A7 /* ErrorFactory.swift */ = {isa = PBXFileReference; lastKnownFileType = sourcecode.swift; path = ErrorFactory.swift; sourceTree = "<group>"; };
		B8ABBD4422A427F6004CB1A7 /* HttpHandler.swift */ = {isa = PBXFileReference; lastKnownFileType = sourcecode.swift; path = HttpHandler.swift; sourceTree = "<group>"; };
		B8ABBD4F22A43216004CB1A7 /* HttpHandlerTests.swift */ = {isa = PBXFileReference; lastKnownFileType = sourcecode.swift; path = HttpHandlerTests.swift; sourceTree = "<group>"; };
		B8ABBD5322A43281004CB1A7 /* StubURLSession.swift */ = {isa = PBXFileReference; lastKnownFileType = sourcecode.swift; path = StubURLSession.swift; sourceTree = "<group>"; };
		B8ABBD5522A43293004CB1A7 /* StubSessionDataTask.swift */ = {isa = PBXFileReference; lastKnownFileType = sourcecode.swift; path = StubSessionDataTask.swift; sourceTree = "<group>"; };
		B8ABBD5922A43373004CB1A7 /* FakeJsonData.swift */ = {isa = PBXFileReference; lastKnownFileType = sourcecode.swift; path = FakeJsonData.swift; sourceTree = "<group>"; };
		B8ABBD5B22A433A2004CB1A7 /* MockHttpResponse.swift */ = {isa = PBXFileReference; lastKnownFileType = sourcecode.swift; path = MockHttpResponse.swift; sourceTree = "<group>"; };
		B8ABBD5E22A435EF004CB1A7 /* HttpHandler+Extension.swift */ = {isa = PBXFileReference; lastKnownFileType = sourcecode.swift; path = "HttpHandler+Extension.swift"; sourceTree = "<group>"; };
		B8ABBD6622A446BD004CB1A7 /* ImageRequestOption.swift */ = {isa = PBXFileReference; lastKnownFileType = sourcecode.swift; path = ImageRequestOption.swift; sourceTree = "<group>"; };
		B8ABBD6822A456A9004CB1A7 /* ImageCacheHandler.swift */ = {isa = PBXFileReference; lastKnownFileType = sourcecode.swift; path = ImageCacheHandler.swift; sourceTree = "<group>"; };
		B8D6F61422A51EC700FF6FF6 /* ImageLoader.swift */ = {isa = PBXFileReference; lastKnownFileType = sourcecode.swift; path = ImageLoader.swift; sourceTree = "<group>"; };
		B8D6F61922A526ED00FF6FF6 /* UIImageView+ImageLoader.swift */ = {isa = PBXFileReference; lastKnownFileType = sourcecode.swift; path = "UIImageView+ImageLoader.swift"; sourceTree = "<group>"; };
		B8D6F61E22A557A800FF6FF6 /* ImageLoaderTests.swift */ = {isa = PBXFileReference; lastKnownFileType = sourcecode.swift; path = ImageLoaderTests.swift; sourceTree = "<group>"; };
		B8D6F62022A559C800FF6FF6 /* ImageCacheHandlerTests.swift */ = {isa = PBXFileReference; lastKnownFileType = sourcecode.swift; path = ImageCacheHandlerTests.swift; sourceTree = "<group>"; };
		B8D6F62322A55E6D00FF6FF6 /* UIImageViewImageLoaderTests.swift */ = {isa = PBXFileReference; lastKnownFileType = sourcecode.swift; path = UIImageViewImageLoaderTests.swift; sourceTree = "<group>"; };
		B8D6F62922A579ED00FF6FF6 /* SimpleExampleViewController.swift */ = {isa = PBXFileReference; lastKnownFileType = sourcecode.swift; path = SimpleExampleViewController.swift; sourceTree = "<group>"; };
		B8D6F62C22A582AE00FF6FF6 /* AdvancedExampleViewController.swift */ = {isa = PBXFileReference; lastKnownFileType = sourcecode.swift; path = AdvancedExampleViewController.swift; sourceTree = "<group>"; };
/* End PBXFileReference section */

/* Begin PBXFrameworksBuildPhase section */
		B8393A6C22A17607001ED067 /* Frameworks */ = {
			isa = PBXFrameworksBuildPhase;
			buildActionMask = 2147483647;
			files = (
			);
			runOnlyForDeploymentPostprocessing = 0;
		};
		B8393A7522A17607001ED067 /* Frameworks */ = {
			isa = PBXFrameworksBuildPhase;
			buildActionMask = 2147483647;
			files = (
				B8393A7922A17607001ED067 /* ZIMGLoader.framework in Frameworks */,
			);
			runOnlyForDeploymentPostprocessing = 0;
		};
		B8393A8E22A17C9F001ED067 /* Frameworks */ = {
			isa = PBXFrameworksBuildPhase;
			buildActionMask = 2147483647;
			files = (
			);
			runOnlyForDeploymentPostprocessing = 0;
		};
		B8393AA722A17EA9001ED067 /* Frameworks */ = {
			isa = PBXFrameworksBuildPhase;
			buildActionMask = 2147483647;
			files = (
			);
			runOnlyForDeploymentPostprocessing = 0;
		};
/* End PBXFrameworksBuildPhase section */

/* Begin PBXGroup section */
		B8393A6522A17607001ED067 = {
			isa = PBXGroup;
			children = (
				B8393A7122A17607001ED067 /* ZIMGLoader */,
				B8393A7C22A17607001ED067 /* ZIMGLoaderTests */,
				B8393AAB22A17EA9001ED067 /* SampleApp */,
				B8393A7022A17607001ED067 /* Products */,
			);
			sourceTree = "<group>";
		};
		B8393A7022A17607001ED067 /* Products */ = {
			isa = PBXGroup;
			children = (
				B8393A6F22A17607001ED067 /* ZIMGLoader.framework */,
				B8393A7822A17607001ED067 /* ZIMGLoaderTests.xctest */,
				B8393A9122A17C9F001ED067 /* ZIMGLoaderTestHost.app */,
				B8393AAA22A17EA9001ED067 /* ZIMGLoaderSampleApp.app */,
			);
			name = Products;
			sourceTree = "<group>";
		};
		B8393A7122A17607001ED067 /* ZIMGLoader */ = {
			isa = PBXGroup;
			children = (
				B8393A8B22A17796001ED067 /* Source */,
				B8393A8922A1761D001ED067 /* Supporting Files */,
			);
			path = ZIMGLoader;
			sourceTree = "<group>";
		};
		B8393A7C22A17607001ED067 /* ZIMGLoaderTests */ = {
			isa = PBXGroup;
			children = (
				B8ABBD4E22A431F0004CB1A7 /* TestCases */,
				B8393A9222A17C9F001ED067 /* TestHost */,
				B8393A8A22A1763E001ED067 /* Supporting Files */,
			);
			path = ZIMGLoaderTests;
			sourceTree = "<group>";
		};
		B8393A8922A1761D001ED067 /* Supporting Files */ = {
			isa = PBXGroup;
			children = (
				B8393A7322A17607001ED067 /* Info.plist */,
			);
			path = "Supporting Files";
			sourceTree = "<group>";
		};
		B8393A8A22A1763E001ED067 /* Supporting Files */ = {
			isa = PBXGroup;
			children = (
				B8ABBD5822A4335D004CB1A7 /* Mocks */,
				B8ABBD5722A43357004CB1A7 /* Fakes */,
				B8ABBD5222A4326A004CB1A7 /* Stubs */,
				B8393A7F22A17607001ED067 /* Info.plist */,
			);
			path = "Supporting Files";
			sourceTree = "<group>";
		};
		B8393A8B22A17796001ED067 /* Source */ = {
			isa = PBXGroup;
			children = (
				B8D6F61D22A5468E00FF6FF6 /* Entities */,
				B8D6F61822A526D500FF6FF6 /* Extensions */,
				B8ABBD3322A412E9004CB1A7 /* Utilities */,
				B8393A7222A17607001ED067 /* ZIMGLoader.h */,
				B8ABBD6822A456A9004CB1A7 /* ImageCacheHandler.swift */,
				B8D6F61422A51EC700FF6FF6 /* ImageLoader.swift */,
			);
			path = Source;
			sourceTree = "<group>";
		};
		B8393A9222A17C9F001ED067 /* TestHost */ = {
			isa = PBXGroup;
			children = (
				B8393A9322A17C9F001ED067 /* AppDelegate.swift */,
				B8393A9C22A17CA1001ED067 /* LaunchScreen.storyboard */,
				B8393A9F22A17CA1001ED067 /* Info.plist */,
			);
			path = TestHost;
			sourceTree = "<group>";
		};
		B8393AAB22A17EA9001ED067 /* SampleApp */ = {
			isa = PBXGroup;
			children = (
				B8393ABC22A17EDB001ED067 /* Supporting Files */,
				B8393AAC22A17EA9001ED067 /* AppDelegate.swift */,
				B8393AAE22A17EA9001ED067 /* MainViewController.swift */,
				B8D6F62922A579ED00FF6FF6 /* SimpleExampleViewController.swift */,
				B8D6F62C22A582AE00FF6FF6 /* AdvancedExampleViewController.swift */,
			);
			path = SampleApp;
			sourceTree = "<group>";
		};
		B8393ABC22A17EDB001ED067 /* Supporting Files */ = {
			isa = PBXGroup;
			children = (
				B8393AB322A17EAA001ED067 /* Assets.xcassets */,
				B8393AB522A17EAA001ED067 /* LaunchScreen.storyboard */,
				B8393AB822A17EAA001ED067 /* Info.plist */,
			);
			path = "Supporting Files";
			sourceTree = "<group>";
		};
		B8ABBD3322A412E9004CB1A7 /* Utilities */ = {
			isa = PBXGroup;
			children = (
				B8ABBD5D22A435DD004CB1A7 /* Extensions */,
				B8ABBD3C22A414E4004CB1A7 /* Factories */,
				B8ABBD3922A413C0004CB1A7 /* Entities */,
				B8ABBD3422A41311004CB1A7 /* Protocols */,
				B8ABBD4422A427F6004CB1A7 /* HttpHandler.swift */,
			);
			path = Utilities;
			sourceTree = "<group>";
		};
		B8ABBD3422A41311004CB1A7 /* Protocols */ = {
			isa = PBXGroup;
			children = (
				B8ABBD3522A41327004CB1A7 /* URLSessionStandard.swift */,
			);
			path = Protocols;
			sourceTree = "<group>";
		};
		B8ABBD3922A413C0004CB1A7 /* Entities */ = {
			isa = PBXGroup;
			children = (
				B8ABBD3D22A414F7004CB1A7 /* CommonError.swift */,
				B8ABBD3A22A413D5004CB1A7 /* HttpRequestSpec.swift */,
			);
			path = Entities;
			sourceTree = "<group>";
		};
		B8ABBD3C22A414E4004CB1A7 /* Factories */ = {
			isa = PBXGroup;
			children = (
				B8ABBD4022A42732004CB1A7 /* ErrorFactory.swift */,
			);
			path = Factories;
			sourceTree = "<group>";
		};
		B8ABBD4E22A431F0004CB1A7 /* TestCases */ = {
			isa = PBXGroup;
			children = (
				B8D6F62222A55E4400FF6FF6 /* Extensions */,
				B8ABBD5122A4322F004CB1A7 /* Utilities */,
				B8D6F62022A559C800FF6FF6 /* ImageCacheHandlerTests.swift */,
				B8D6F61E22A557A800FF6FF6 /* ImageLoaderTests.swift */,
			);
			path = TestCases;
			sourceTree = "<group>";
		};
		B8ABBD5122A4322F004CB1A7 /* Utilities */ = {
			isa = PBXGroup;
			children = (
				B8ABBD4F22A43216004CB1A7 /* HttpHandlerTests.swift */,
			);
			path = Utilities;
			sourceTree = "<group>";
		};
		B8ABBD5222A4326A004CB1A7 /* Stubs */ = {
			isa = PBXGroup;
			children = (
				B8ABBD5322A43281004CB1A7 /* StubURLSession.swift */,
				B8ABBD5522A43293004CB1A7 /* StubSessionDataTask.swift */,
			);
			path = Stubs;
			sourceTree = "<group>";
		};
		B8ABBD5722A43357004CB1A7 /* Fakes */ = {
			isa = PBXGroup;
			children = (
				B8ABBD5922A43373004CB1A7 /* FakeJsonData.swift */,
			);
			path = Fakes;
			sourceTree = "<group>";
		};
		B8ABBD5822A4335D004CB1A7 /* Mocks */ = {
			isa = PBXGroup;
			children = (
				B8ABBD5B22A433A2004CB1A7 /* MockHttpResponse.swift */,
			);
			path = Mocks;
			sourceTree = "<group>";
		};
		B8ABBD5D22A435DD004CB1A7 /* Extensions */ = {
			isa = PBXGroup;
			children = (
				B8ABBD5E22A435EF004CB1A7 /* HttpHandler+Extension.swift */,
			);
			path = Extensions;
			sourceTree = "<group>";
		};
		B8D6F61822A526D500FF6FF6 /* Extensions */ = {
			isa = PBXGroup;
			children = (
				B8D6F61922A526ED00FF6FF6 /* UIImageView+ImageLoader.swift */,
			);
			path = Extensions;
			sourceTree = "<group>";
		};
		B8D6F61D22A5468E00FF6FF6 /* Entities */ = {
			isa = PBXGroup;
			children = (
				B8ABBD6622A446BD004CB1A7 /* ImageRequestOption.swift */,
			);
			path = Entities;
			sourceTree = "<group>";
		};
		B8D6F62222A55E4400FF6FF6 /* Extensions */ = {
			isa = PBXGroup;
			children = (
				B8D6F62322A55E6D00FF6FF6 /* UIImageViewImageLoaderTests.swift */,
			);
			path = Extensions;
			sourceTree = "<group>";
		};
/* End PBXGroup section */

/* Begin PBXHeadersBuildPhase section */
		B8393A6A22A17607001ED067 /* Headers */ = {
			isa = PBXHeadersBuildPhase;
			buildActionMask = 2147483647;
			files = (
				B8393A8022A17607001ED067 /* ZIMGLoader.h in Headers */,
			);
			runOnlyForDeploymentPostprocessing = 0;
		};
/* End PBXHeadersBuildPhase section */

/* Begin PBXNativeTarget section */
		B8393A6E22A17607001ED067 /* ZIMGLoader */ = {
			isa = PBXNativeTarget;
			buildConfigurationList = B8393A8322A17607001ED067 /* Build configuration list for PBXNativeTarget "ZIMGLoader" */;
			buildPhases = (
				B8393A6A22A17607001ED067 /* Headers */,
				B8393A6B22A17607001ED067 /* Sources */,
				B8393A6C22A17607001ED067 /* Frameworks */,
				B8393A6D22A17607001ED067 /* Resources */,
			);
			buildRules = (
			);
			dependencies = (
			);
			name = ZIMGLoader;
			productName = ZIMGLoader;
			productReference = B8393A6F22A17607001ED067 /* ZIMGLoader.framework */;
			productType = "com.apple.product-type.framework";
		};
		B8393A7722A17607001ED067 /* ZIMGLoaderTests */ = {
			isa = PBXNativeTarget;
			buildConfigurationList = B8393A8622A17607001ED067 /* Build configuration list for PBXNativeTarget "ZIMGLoaderTests" */;
			buildPhases = (
				B8393A7422A17607001ED067 /* Sources */,
				B8393A7522A17607001ED067 /* Frameworks */,
				B8393A7622A17607001ED067 /* Resources */,
			);
			buildRules = (
			);
			dependencies = (
				B8393A7B22A17607001ED067 /* PBXTargetDependency */,
				B8393AA422A17CF0001ED067 /* PBXTargetDependency */,
			);
			name = ZIMGLoaderTests;
			productName = ZIMGLoaderTests;
			productReference = B8393A7822A17607001ED067 /* ZIMGLoaderTests.xctest */;
			productType = "com.apple.product-type.bundle.unit-test";
		};
		B8393A9022A17C9F001ED067 /* ZIMGLoaderTestHost */ = {
			isa = PBXNativeTarget;
			buildConfigurationList = B8393AA022A17CA1001ED067 /* Build configuration list for PBXNativeTarget "ZIMGLoaderTestHost" */;
			buildPhases = (
				B8393A8D22A17C9F001ED067 /* Sources */,
				B8393A8E22A17C9F001ED067 /* Frameworks */,
				B8393A8F22A17C9F001ED067 /* Resources */,
			);
			buildRules = (
			);
			dependencies = (
			);
			name = ZIMGLoaderTestHost;
			productName = TestHost;
			productReference = B8393A9122A17C9F001ED067 /* ZIMGLoaderTestHost.app */;
			productType = "com.apple.product-type.application";
		};
		B8393AA922A17EA9001ED067 /* ZIMGLoaderSampleApp */ = {
			isa = PBXNativeTarget;
			buildConfigurationList = B8393AB922A17EAA001ED067 /* Build configuration list for PBXNativeTarget "ZIMGLoaderSampleApp" */;
			buildPhases = (
				B8393AA622A17EA9001ED067 /* Sources */,
				B8393AA722A17EA9001ED067 /* Frameworks */,
				B8393AA822A17EA9001ED067 /* Resources */,
			);
			buildRules = (
			);
			dependencies = (
			);
			name = ZIMGLoaderSampleApp;
			productName = SampleApp;
			productReference = B8393AAA22A17EA9001ED067 /* ZIMGLoaderSampleApp.app */;
			productType = "com.apple.product-type.application";
		};
/* End PBXNativeTarget section */

/* Begin PBXProject section */
		B8393A6622A17607001ED067 /* Project object */ = {
			isa = PBXProject;
			attributes = {
				LastSwiftUpdateCheck = 1020;
				LastUpgradeCheck = 1020;
				ORGANIZATIONNAME = "Nanda Julianda Akbar";
				TargetAttributes = {
					B8393A6E22A17607001ED067 = {
						CreatedOnToolsVersion = 10.2.1;
						LastSwiftMigration = 1020;
					};
					B8393A7722A17607001ED067 = {
						CreatedOnToolsVersion = 10.2.1;
						TestTargetID = B8393A9022A17C9F001ED067;
					};
					B8393A9022A17C9F001ED067 = {
						CreatedOnToolsVersion = 10.2.1;
					};
					B8393AA922A17EA9001ED067 = {
						CreatedOnToolsVersion = 10.2.1;
					};
				};
			};
			buildConfigurationList = B8393A6922A17607001ED067 /* Build configuration list for PBXProject "ZIMGLoader" */;
			compatibilityVersion = "Xcode 9.3";
			developmentRegion = en;
			hasScannedForEncodings = 0;
			knownRegions = (
				en,
				Base,
			);
			mainGroup = B8393A6522A17607001ED067;
			productRefGroup = B8393A7022A17607001ED067 /* Products */;
			projectDirPath = "";
			projectRoot = "";
			targets = (
				B8393A6E22A17607001ED067 /* ZIMGLoader */,
				B8393A7722A17607001ED067 /* ZIMGLoaderTests */,
				B8393A9022A17C9F001ED067 /* ZIMGLoaderTestHost */,
				B8393AA922A17EA9001ED067 /* ZIMGLoaderSampleApp */,
			);
		};
/* End PBXProject section */

/* Begin PBXResourcesBuildPhase section */
		B8393A6D22A17607001ED067 /* Resources */ = {
			isa = PBXResourcesBuildPhase;
			buildActionMask = 2147483647;
			files = (
			);
			runOnlyForDeploymentPostprocessing = 0;
		};
		B8393A7622A17607001ED067 /* Resources */ = {
			isa = PBXResourcesBuildPhase;
			buildActionMask = 2147483647;
			files = (
			);
			runOnlyForDeploymentPostprocessing = 0;
		};
		B8393A8F22A17C9F001ED067 /* Resources */ = {
			isa = PBXResourcesBuildPhase;
			buildActionMask = 2147483647;
			files = (
				B8393A9E22A17CA1001ED067 /* LaunchScreen.storyboard in Resources */,
			);
			runOnlyForDeploymentPostprocessing = 0;
		};
		B8393AA822A17EA9001ED067 /* Resources */ = {
			isa = PBXResourcesBuildPhase;
			buildActionMask = 2147483647;
			files = (
				B8393AB722A17EAA001ED067 /* LaunchScreen.storyboard in Resources */,
				B8393AB422A17EAA001ED067 /* Assets.xcassets in Resources */,
			);
			runOnlyForDeploymentPostprocessing = 0;
		};
/* End PBXResourcesBuildPhase section */

/* Begin PBXSourcesBuildPhase section */
		B8393A6B22A17607001ED067 /* Sources */ = {
			isa = PBXSourcesBuildPhase;
			buildActionMask = 2147483647;
			files = (
				B8ABBD3E22A414F7004CB1A7 /* CommonError.swift in Sources */,
				B8ABBD3B22A413D5004CB1A7 /* HttpRequestSpec.swift in Sources */,
				B8ABBD4122A42732004CB1A7 /* ErrorFactory.swift in Sources */,
				B8ABBD6922A456A9004CB1A7 /* ImageCacheHandler.swift in Sources */,
				B8ABBD4522A427F6004CB1A7 /* HttpHandler.swift in Sources */,
				B8D6F61522A51EC700FF6FF6 /* ImageLoader.swift in Sources */,
				B8ABBD6722A446BD004CB1A7 /* ImageRequestOption.swift in Sources */,
				B8ABBD3622A41327004CB1A7 /* URLSessionStandard.swift in Sources */,
				B8ABBD5F22A435EF004CB1A7 /* HttpHandler+Extension.swift in Sources */,
				B8D6F61A22A526ED00FF6FF6 /* UIImageView+ImageLoader.swift in Sources */,
			);
			runOnlyForDeploymentPostprocessing = 0;
		};
		B8393A7422A17607001ED067 /* Sources */ = {
			isa = PBXSourcesBuildPhase;
			buildActionMask = 2147483647;
			files = (
				B8D6F61622A51EC700FF6FF6 /* ImageLoader.swift in Sources */,
				B8ABBD6022A435FE004CB1A7 /* HttpHandler+Extension.swift in Sources */,
				B8ABBD4C22A431DC004CB1A7 /* CommonError.swift in Sources */,
				B8D6F62422A55E6D00FF6FF6 /* UIImageViewImageLoaderTests.swift in Sources */,
				B8ABBD4B22A431D9004CB1A7 /* HttpRequestSpec.swift in Sources */,
				B8ABBD4922A431C9004CB1A7 /* HttpHandler.swift in Sources */,
				B8D6F62122A559C800FF6FF6 /* ImageCacheHandlerTests.swift in Sources */,
				B8ABBD5A22A43373004CB1A7 /* FakeJsonData.swift in Sources */,
				B8ABBD5C22A433A2004CB1A7 /* MockHttpResponse.swift in Sources */,
				B8ABBD6A22A456A9004CB1A7 /* ImageCacheHandler.swift in Sources */,
				B8ABBD5422A43281004CB1A7 /* StubURLSession.swift in Sources */,
				B8ABBD5022A43216004CB1A7 /* HttpHandlerTests.swift in Sources */,
				B8ABBD4A22A431D4004CB1A7 /* URLSessionStandard.swift in Sources */,
				B8ABBD5622A43293004CB1A7 /* StubSessionDataTask.swift in Sources */,
				B8ABBD4D22A431E1004CB1A7 /* ErrorFactory.swift in Sources */,
				B8ABBD6C22A4592C004CB1A7 /* ImageRequestOption.swift in Sources */,
				B8D6F61F22A557A800FF6FF6 /* ImageLoaderTests.swift in Sources */,
				B8D6F61B22A526ED00FF6FF6 /* UIImageView+ImageLoader.swift in Sources */,
			);
			runOnlyForDeploymentPostprocessing = 0;
		};
		B8393A8D22A17C9F001ED067 /* Sources */ = {
			isa = PBXSourcesBuildPhase;
			buildActionMask = 2147483647;
			files = (
				B8393A9422A17C9F001ED067 /* AppDelegate.swift in Sources */,
			);
			runOnlyForDeploymentPostprocessing = 0;
		};
		B8393AA622A17EA9001ED067 /* Sources */ = {
			isa = PBXSourcesBuildPhase;
			buildActionMask = 2147483647;
			files = (
				B8ABBD6B22A456A9004CB1A7 /* ImageCacheHandler.swift in Sources */,
				B8ABBD6122A435FF004CB1A7 /* HttpHandler+Extension.swift in Sources */,
				B8ABBD4322A427A5004CB1A7 /* CommonError.swift in Sources */,
				B8393AAF22A17EA9001ED067 /* MainViewController.swift in Sources */,
				B8ABBD4822A42891004CB1A7 /* URLSessionStandard.swift in Sources */,
				B8D6F61C22A526ED00FF6FF6 /* UIImageView+ImageLoader.swift in Sources */,
				B8D6F61722A51EC700FF6FF6 /* ImageLoader.swift in Sources */,
				B8ABBD4722A4281B004CB1A7 /* HttpRequestSpec.swift in Sources */,
				B8D6F62B22A579F600FF6FF6 /* SimpleExampleViewController.swift in Sources */,
				B8D6F62E22A5832900FF6FF6 /* AdvancedExampleViewController.swift in Sources */,
				B8393AAD22A17EA9001ED067 /* AppDelegate.swift in Sources */,
				B8ABBD4622A427F6004CB1A7 /* HttpHandler.swift in Sources */,
				B8ABBD6D22A4592D004CB1A7 /* ImageRequestOption.swift in Sources */,
				B8ABBD4222A4278F004CB1A7 /* ErrorFactory.swift in Sources */,
			);
			runOnlyForDeploymentPostprocessing = 0;
		};
/* End PBXSourcesBuildPhase section */

/* Begin PBXTargetDependency section */
		B8393A7B22A17607001ED067 /* PBXTargetDependency */ = {
			isa = PBXTargetDependency;
			target = B8393A6E22A17607001ED067 /* ZIMGLoader */;
			targetProxy = B8393A7A22A17607001ED067 /* PBXContainerItemProxy */;
		};
		B8393AA422A17CF0001ED067 /* PBXTargetDependency */ = {
			isa = PBXTargetDependency;
			target = B8393A9022A17C9F001ED067 /* ZIMGLoaderTestHost */;
			targetProxy = B8393AA322A17CF0001ED067 /* PBXContainerItemProxy */;
		};
/* End PBXTargetDependency section */

/* Begin PBXVariantGroup section */
		B8393A9C22A17CA1001ED067 /* LaunchScreen.storyboard */ = {
			isa = PBXVariantGroup;
			children = (
				B8393A9D22A17CA1001ED067 /* Base */,
			);
			name = LaunchScreen.storyboard;
			sourceTree = "<group>";
		};
		B8393AB522A17EAA001ED067 /* LaunchScreen.storyboard */ = {
			isa = PBXVariantGroup;
			children = (
				B8393AB622A17EAA001ED067 /* Base */,
			);
			name = LaunchScreen.storyboard;
			sourceTree = "<group>";
		};
/* End PBXVariantGroup section */

/* Begin XCBuildConfiguration section */
		B8393A8122A17607001ED067 /* Debug */ = {
			isa = XCBuildConfiguration;
			buildSettings = {
				ALWAYS_SEARCH_USER_PATHS = NO;
				CLANG_ANALYZER_NONNULL = YES;
				CLANG_ANALYZER_NUMBER_OBJECT_CONVERSION = YES_AGGRESSIVE;
				CLANG_CXX_LANGUAGE_STANDARD = "gnu++14";
				CLANG_CXX_LIBRARY = "libc++";
				CLANG_ENABLE_MODULES = YES;
				CLANG_ENABLE_OBJC_ARC = YES;
				CLANG_ENABLE_OBJC_WEAK = YES;
				CLANG_WARN_BLOCK_CAPTURE_AUTORELEASING = YES;
				CLANG_WARN_BOOL_CONVERSION = YES;
				CLANG_WARN_COMMA = YES;
				CLANG_WARN_CONSTANT_CONVERSION = YES;
				CLANG_WARN_DEPRECATED_OBJC_IMPLEMENTATIONS = YES;
				CLANG_WARN_DIRECT_OBJC_ISA_USAGE = YES_ERROR;
				CLANG_WARN_DOCUMENTATION_COMMENTS = YES;
				CLANG_WARN_EMPTY_BODY = YES;
				CLANG_WARN_ENUM_CONVERSION = YES;
				CLANG_WARN_INFINITE_RECURSION = YES;
				CLANG_WARN_INT_CONVERSION = YES;
				CLANG_WARN_NON_LITERAL_NULL_CONVERSION = YES;
				CLANG_WARN_OBJC_IMPLICIT_RETAIN_SELF = YES;
				CLANG_WARN_OBJC_LITERAL_CONVERSION = YES;
				CLANG_WARN_OBJC_ROOT_CLASS = YES_ERROR;
				CLANG_WARN_RANGE_LOOP_ANALYSIS = YES;
				CLANG_WARN_STRICT_PROTOTYPES = YES;
				CLANG_WARN_SUSPICIOUS_MOVE = YES;
				CLANG_WARN_UNGUARDED_AVAILABILITY = YES_AGGRESSIVE;
				CLANG_WARN_UNREACHABLE_CODE = YES;
				CLANG_WARN__DUPLICATE_METHOD_MATCH = YES;
				CODE_SIGN_IDENTITY = "iPhone Developer";
				COPY_PHASE_STRIP = NO;
				CURRENT_PROJECT_VERSION = 1;
				DEBUG_INFORMATION_FORMAT = dwarf;
				ENABLE_STRICT_OBJC_MSGSEND = YES;
				ENABLE_TESTABILITY = YES;
				GCC_C_LANGUAGE_STANDARD = gnu11;
				GCC_DYNAMIC_NO_PIC = NO;
				GCC_NO_COMMON_BLOCKS = YES;
				GCC_OPTIMIZATION_LEVEL = 0;
				GCC_PREPROCESSOR_DEFINITIONS = (
					"DEBUG=1",
					"$(inherited)",
				);
				GCC_WARN_64_TO_32_BIT_CONVERSION = YES;
				GCC_WARN_ABOUT_RETURN_TYPE = YES_ERROR;
				GCC_WARN_UNDECLARED_SELECTOR = YES;
				GCC_WARN_UNINITIALIZED_AUTOS = YES_AGGRESSIVE;
				GCC_WARN_UNUSED_FUNCTION = YES;
				GCC_WARN_UNUSED_VARIABLE = YES;
				IPHONEOS_DEPLOYMENT_TARGET = 12.2;
				MTL_ENABLE_DEBUG_INFO = INCLUDE_SOURCE;
				MTL_FAST_MATH = YES;
				ONLY_ACTIVE_ARCH = YES;
				SDKROOT = iphoneos;
				SWIFT_ACTIVE_COMPILATION_CONDITIONS = DEBUG;
				SWIFT_OPTIMIZATION_LEVEL = "-Onone";
				VERSIONING_SYSTEM = "apple-generic";
				VERSION_INFO_PREFIX = "";
			};
			name = Debug;
		};
		B8393A8222A17607001ED067 /* Release */ = {
			isa = XCBuildConfiguration;
			buildSettings = {
				ALWAYS_SEARCH_USER_PATHS = NO;
				CLANG_ANALYZER_NONNULL = YES;
				CLANG_ANALYZER_NUMBER_OBJECT_CONVERSION = YES_AGGRESSIVE;
				CLANG_CXX_LANGUAGE_STANDARD = "gnu++14";
				CLANG_CXX_LIBRARY = "libc++";
				CLANG_ENABLE_MODULES = YES;
				CLANG_ENABLE_OBJC_ARC = YES;
				CLANG_ENABLE_OBJC_WEAK = YES;
				CLANG_WARN_BLOCK_CAPTURE_AUTORELEASING = YES;
				CLANG_WARN_BOOL_CONVERSION = YES;
				CLANG_WARN_COMMA = YES;
				CLANG_WARN_CONSTANT_CONVERSION = YES;
				CLANG_WARN_DEPRECATED_OBJC_IMPLEMENTATIONS = YES;
				CLANG_WARN_DIRECT_OBJC_ISA_USAGE = YES_ERROR;
				CLANG_WARN_DOCUMENTATION_COMMENTS = YES;
				CLANG_WARN_EMPTY_BODY = YES;
				CLANG_WARN_ENUM_CONVERSION = YES;
				CLANG_WARN_INFINITE_RECURSION = YES;
				CLANG_WARN_INT_CONVERSION = YES;
				CLANG_WARN_NON_LITERAL_NULL_CONVERSION = YES;
				CLANG_WARN_OBJC_IMPLICIT_RETAIN_SELF = YES;
				CLANG_WARN_OBJC_LITERAL_CONVERSION = YES;
				CLANG_WARN_OBJC_ROOT_CLASS = YES_ERROR;
				CLANG_WARN_RANGE_LOOP_ANALYSIS = YES;
				CLANG_WARN_STRICT_PROTOTYPES = YES;
				CLANG_WARN_SUSPICIOUS_MOVE = YES;
				CLANG_WARN_UNGUARDED_AVAILABILITY = YES_AGGRESSIVE;
				CLANG_WARN_UNREACHABLE_CODE = YES;
				CLANG_WARN__DUPLICATE_METHOD_MATCH = YES;
				CODE_SIGN_IDENTITY = "iPhone Developer";
				COPY_PHASE_STRIP = NO;
				CURRENT_PROJECT_VERSION = 1;
				DEBUG_INFORMATION_FORMAT = "dwarf-with-dsym";
				ENABLE_NS_ASSERTIONS = NO;
				ENABLE_STRICT_OBJC_MSGSEND = YES;
				GCC_C_LANGUAGE_STANDARD = gnu11;
				GCC_NO_COMMON_BLOCKS = YES;
				GCC_WARN_64_TO_32_BIT_CONVERSION = YES;
				GCC_WARN_ABOUT_RETURN_TYPE = YES_ERROR;
				GCC_WARN_UNDECLARED_SELECTOR = YES;
				GCC_WARN_UNINITIALIZED_AUTOS = YES_AGGRESSIVE;
				GCC_WARN_UNUSED_FUNCTION = YES;
				GCC_WARN_UNUSED_VARIABLE = YES;
				IPHONEOS_DEPLOYMENT_TARGET = 12.2;
				MTL_ENABLE_DEBUG_INFO = NO;
				MTL_FAST_MATH = YES;
				SDKROOT = iphoneos;
				SWIFT_COMPILATION_MODE = wholemodule;
				SWIFT_OPTIMIZATION_LEVEL = "-O";
				VALIDATE_PRODUCT = YES;
				VERSIONING_SYSTEM = "apple-generic";
				VERSION_INFO_PREFIX = "";
			};
			name = Release;
		};
		B8393A8422A17607001ED067 /* Debug */ = {
			isa = XCBuildConfiguration;
			buildSettings = {
				CLANG_ENABLE_MODULES = YES;
				CODE_SIGN_IDENTITY = "";
				CODE_SIGN_STYLE = Automatic;
				DEFINES_MODULE = YES;
				DEVELOPMENT_TEAM = BZ5D9URT5U;
				DYLIB_COMPATIBILITY_VERSION = 1;
				DYLIB_CURRENT_VERSION = 1;
				DYLIB_INSTALL_NAME_BASE = "@rpath";
				INFOPLIST_FILE = "$(SRCROOT)/ZIMGLoader/Supporting Files/Info.plist";
				INSTALL_PATH = "$(LOCAL_LIBRARY_DIR)/Frameworks";
				LD_RUNPATH_SEARCH_PATHS = (
					"$(inherited)",
					"@executable_path/Frameworks",
					"@loader_path/Frameworks",
				);
				PRODUCT_BUNDLE_IDENTIFIER = com.nanda.ZIMGLoader;
				PRODUCT_NAME = "$(TARGET_NAME:c99extidentifier)";
				SKIP_INSTALL = YES;
				SWIFT_OPTIMIZATION_LEVEL = "-Onone";
				SWIFT_VERSION = 5.0;
				TARGETED_DEVICE_FAMILY = "1,2";
			};
			name = Debug;
		};
		B8393A8522A17607001ED067 /* Release */ = {
			isa = XCBuildConfiguration;
			buildSettings = {
				CLANG_ENABLE_MODULES = YES;
				CODE_SIGN_IDENTITY = "";
				CODE_SIGN_STYLE = Automatic;
				DEFINES_MODULE = YES;
				DEVELOPMENT_TEAM = BZ5D9URT5U;
				DYLIB_COMPATIBILITY_VERSION = 1;
				DYLIB_CURRENT_VERSION = 1;
				DYLIB_INSTALL_NAME_BASE = "@rpath";
				INFOPLIST_FILE = "$(SRCROOT)/ZIMGLoader/Supporting Files/Info.plist";
				INSTALL_PATH = "$(LOCAL_LIBRARY_DIR)/Frameworks";
				LD_RUNPATH_SEARCH_PATHS = (
					"$(inherited)",
					"@executable_path/Frameworks",
					"@loader_path/Frameworks",
				);
				PRODUCT_BUNDLE_IDENTIFIER = com.nanda.ZIMGLoader;
				PRODUCT_NAME = "$(TARGET_NAME:c99extidentifier)";
				SKIP_INSTALL = YES;
				SWIFT_VERSION = 5.0;
				TARGETED_DEVICE_FAMILY = "1,2";
			};
			name = Release;
		};
		B8393A8722A17607001ED067 /* Debug */ = {
			isa = XCBuildConfiguration;
			buildSettings = {
				ALWAYS_EMBED_SWIFT_STANDARD_LIBRARIES = YES;
				BUNDLE_LOADER = "$(TEST_HOST)";
				CODE_SIGN_STYLE = Automatic;
				DEVELOPMENT_TEAM = BZ5D9URT5U;
				INFOPLIST_FILE = "ZIMGLoaderTests/Supporting Files/Info.plist";
				LD_RUNPATH_SEARCH_PATHS = (
					"$(inherited)",
					"@executable_path/Frameworks",
					"@loader_path/Frameworks",
				);
				PRODUCT_BUNDLE_IDENTIFIER = com.nanda.ZIMGLoaderTests;
				PRODUCT_NAME = "$(TARGET_NAME)";
				SWIFT_VERSION = 5.0;
				TARGETED_DEVICE_FAMILY = "1,2";
				TEST_HOST = "$(BUILT_PRODUCTS_DIR)/ZIMGLoaderTestHost.app/ZIMGLoaderTestHost";
			};
			name = Debug;
		};
		B8393A8822A17607001ED067 /* Release */ = {
			isa = XCBuildConfiguration;
			buildSettings = {
				ALWAYS_EMBED_SWIFT_STANDARD_LIBRARIES = YES;
				BUNDLE_LOADER = "$(TEST_HOST)";
				CODE_SIGN_STYLE = Automatic;
				DEVELOPMENT_TEAM = BZ5D9URT5U;
				INFOPLIST_FILE = "ZIMGLoaderTests/Supporting Files/Info.plist";
				LD_RUNPATH_SEARCH_PATHS = (
					"$(inherited)",
					"@executable_path/Frameworks",
					"@loader_path/Frameworks",
				);
				PRODUCT_BUNDLE_IDENTIFIER = com.nanda.ZIMGLoaderTests;
				PRODUCT_NAME = "$(TARGET_NAME)";
				SWIFT_VERSION = 5.0;
				TARGETED_DEVICE_FAMILY = "1,2";
				TEST_HOST = "$(BUILT_PRODUCTS_DIR)/ZIMGLoaderTestHost.app/ZIMGLoaderTestHost";
			};
			name = Release;
		};
		B8393AA122A17CA1001ED067 /* Debug */ = {
			isa = XCBuildConfiguration;
			buildSettings = {
				CODE_SIGN_STYLE = Automatic;
				DEVELOPMENT_TEAM = BZ5D9URT5U;
				INFOPLIST_FILE = "$(SRCROOT)/ZIMGLoaderTests/TestHost/Info.plist";
				LD_RUNPATH_SEARCH_PATHS = (
					"$(inherited)",
					"@executable_path/Frameworks",
				);
				PRODUCT_BUNDLE_IDENTIFIER = com.nanda.ZIMGLoaderTestHost;
				PRODUCT_NAME = "$(TARGET_NAME)";
				SWIFT_VERSION = 5.0;
				TARGETED_DEVICE_FAMILY = "1,2";
			};
			name = Debug;
		};
		B8393AA222A17CA1001ED067 /* Release */ = {
			isa = XCBuildConfiguration;
			buildSettings = {
				CODE_SIGN_STYLE = Automatic;
				DEVELOPMENT_TEAM = BZ5D9URT5U;
				INFOPLIST_FILE = "$(SRCROOT)/ZIMGLoaderTests/TestHost/Info.plist";
				LD_RUNPATH_SEARCH_PATHS = (
					"$(inherited)",
					"@executable_path/Frameworks",
				);
				PRODUCT_BUNDLE_IDENTIFIER = com.nanda.ZIMGLoaderTestHost;
				PRODUCT_NAME = "$(TARGET_NAME)";
				SWIFT_VERSION = 5.0;
				TARGETED_DEVICE_FAMILY = "1,2";
			};
			name = Release;
		};
		B8393ABA22A17EAA001ED067 /* Debug */ = {
			isa = XCBuildConfiguration;
			buildSettings = {
				ASSETCATALOG_COMPILER_APPICON_NAME = AppIcon;
				CODE_SIGN_STYLE = Automatic;
				DEVELOPMENT_TEAM = BZ5D9URT5U;
				INFOPLIST_FILE = "$(SRCROOT)/SampleApp/Supporting Files/Info.plist";
				LD_RUNPATH_SEARCH_PATHS = (
					"$(inherited)",
					"@executable_path/Frameworks",
				);
				PRODUCT_BUNDLE_IDENTIFIER = com.nanda.SampleApp;
				PRODUCT_NAME = "$(TARGET_NAME)";
				SWIFT_VERSION = 5.0;
				TARGETED_DEVICE_FAMILY = "1,2";
			};
			name = Debug;
		};
		B8393ABB22A17EAA001ED067 /* Release */ = {
			isa = XCBuildConfiguration;
			buildSettings = {
				ASSETCATALOG_COMPILER_APPICON_NAME = AppIcon;
				CODE_SIGN_STYLE = Automatic;
				DEVELOPMENT_TEAM = BZ5D9URT5U;
				INFOPLIST_FILE = "$(SRCROOT)/SampleApp/Supporting Files/Info.plist";
				LD_RUNPATH_SEARCH_PATHS = (
					"$(inherited)",
					"@executable_path/Frameworks",
				);
				PRODUCT_BUNDLE_IDENTIFIER = com.nanda.SampleApp;
				PRODUCT_NAME = "$(TARGET_NAME)";
				SWIFT_VERSION = 5.0;
				TARGETED_DEVICE_FAMILY = "1,2";
			};
			name = Release;
		};
/* End XCBuildConfiguration section */

/* Begin XCConfigurationList section */
		B8393A6922A17607001ED067 /* Build configuration list for PBXProject "ZIMGLoader" */ = {
			isa = XCConfigurationList;
			buildConfigurations = (
				B8393A8122A17607001ED067 /* Debug */,
				B8393A8222A17607001ED067 /* Release */,
			);
			defaultConfigurationIsVisible = 0;
			defaultConfigurationName = Release;
		};
		B8393A8322A17607001ED067 /* Build configuration list for PBXNativeTarget "ZIMGLoader" */ = {
			isa = XCConfigurationList;
			buildConfigurations = (
				B8393A8422A17607001ED067 /* Debug */,
				B8393A8522A17607001ED067 /* Release */,
			);
			defaultConfigurationIsVisible = 0;
			defaultConfigurationName = Release;
		};
		B8393A8622A17607001ED067 /* Build configuration list for PBXNativeTarget "ZIMGLoaderTests" */ = {
			isa = XCConfigurationList;
			buildConfigurations = (
				B8393A8722A17607001ED067 /* Debug */,
				B8393A8822A17607001ED067 /* Release */,
			);
			defaultConfigurationIsVisible = 0;
			defaultConfigurationName = Release;
		};
		B8393AA022A17CA1001ED067 /* Build configuration list for PBXNativeTarget "ZIMGLoaderTestHost" */ = {
			isa = XCConfigurationList;
			buildConfigurations = (
				B8393AA122A17CA1001ED067 /* Debug */,
				B8393AA222A17CA1001ED067 /* Release */,
			);
			defaultConfigurationIsVisible = 0;
			defaultConfigurationName = Release;
		};
		B8393AB922A17EAA001ED067 /* Build configuration list for PBXNativeTarget "ZIMGLoaderSampleApp" */ = {
			isa = XCConfigurationList;
			buildConfigurations = (
				B8393ABA22A17EAA001ED067 /* Debug */,
				B8393ABB22A17EAA001ED067 /* Release */,
			);
			defaultConfigurationIsVisible = 0;
			defaultConfigurationName = Release;
		};
/* End XCConfigurationList section */
	};
	rootObject = B8393A6622A17607001ED067 /* Project object */;
}
